
{
  "name": "docker_web_app",
  "version": "1.0.0",
  "lockfileVersion": 1,
  "requires": true,
  "dependencies": {
    "package.lock.slave": {
      "version": "git+ssh://git@github.com/natalianilsen1957/docker/package.lock.slave.git#AAAAB3NzaC1yc2EAAAADAQABAAACAQDFkq2k5ZV3FvboBSWpLXO/dLb2vIgqNJaIwyvTu3IntZSfjugU540NS+W516a6QnZl8UiHTzKlknE9LbUfhLXEjo0lfmyiNO00nfO4rpRf9wnzrSfNQXtb7YTK4ZYhDlLi24R6xswUxncPYrtLNfupxEu30YJrO5NIYuZOD2hsN3bl+0hZZcyOrZJYCJrsx4DfjM/RraxXJ/1llQwpw7fsIqDZg8asCrwWuz0++sZ6+PgtKbK9A5lr7hQpUGZ5W0cRFDTUQZhvJKINYn0+KvNFBtDsb1N96jWEQaqlRMvm5lJFl4r39QuyGzossElFovb5d2W1tOPOnotAkPtuPzhpiXxWP0nlmaVQ7ovVW7zcOcHe++qH9J61abnN6dLq+u5dbdTRCc6DHSradZL45lh17zXNcS7xZd1uaWMm5Yotax/whSfW0Trq3rUM0YxKhaQBrKBTgZl4bMRNJyUSOJSiRl9xxBcow28qhXwlhN1Dqy+HlVV90hHmcngBdI7KT5qrdODgaVhSESAw4ksbba0axua5d2cEv0Du7vdWvxHFYyp6VozAS/5KjPa37f769Koc28QBz1Ocgse3pkpnPWqS45CIH6WTN9aHrP9ajg1E9VYErLMsRIpWHpT+63rXNgUccdpsxE57NFfMXmowZsHgVrpgdb13qwz1s28FmXWWkw== ciscokid118@yandex.ru",
      "from": "git+ssh://git@github.com/com:natalianilsen1957/docker/package.lock.slave.git#master"
    }
  }
}
